<?xml version="1.0" encoding="utf-8"?>
<Project ToolsVersion="4.0" xmlns="http://schemas.microsoft.com/developer/msbuild/2003">
  <ItemGroup>
    <Filter Include="소스 파일">
      <UniqueIdentifier>{4FC737F1-C7A5-4376-A066-2A32D752A2FF}</UniqueIdentifier>
      <Extensions>cpp;c;cc;cxx;def;odl;idl;hpj;bat;asm;asmx</Extensions>
    </Filter>
    <Filter Include="헤더 파일">
      <UniqueIdentifier>{93995380-89BD-4b04-88EB-625FBE52EBFB}</UniqueIdentifier>
      <Extensions>h;hh;hpp;hxx;hm;inl;inc;ipp;xsd</Extensions>
    </Filter>
    <Filter Include="리소스 파일">
      <UniqueIdentifier>{67DA6AB6-F800-4c08-8B7A-83BB121AAD01}</UniqueIdentifier>
      <Extensions>rc;ico;cur;bmp;dlg;rc2;rct;bin;rgs;gif;jpg;jpeg;jpe;resx;tiff;tif;png;wav;mfcribbon-ms</Extensions>
    </Filter>
    <Filter Include="클래스 파일">
      <UniqueIdentifier>{b45d6c17-0969-49f1-9a36-e088227be287}</UniqueIdentifier>
    </Filter>
    <Filter Include="클래스 파일\Network">
      <UniqueIdentifier>{8722637c-4b37-417b-9aa9-60cb7065e89b}</UniqueIdentifier>
    </Filter>
    <Filter Include="클래스 파일\Packet">
      <UniqueIdentifier>{6749c19a-59b7-4b1f-b672-0962b24b131b}</UniqueIdentifier>
    </Filter>
  </ItemGroup>
  <ItemGroup>
    <ClInclude Include="pch.h">
      <Filter>헤더 파일</Filter>
    </ClInclude>
    <ClInclude Include="cNetwork.h">
      <Filter>클래스 파일\Network</Filter>
    </ClInclude>
    <ClInclude Include="cPacket.h">
      <Filter>클래스 파일\Packet</Filter>
    </ClInclude>
  </ItemGroup>
  <ItemGroup>
    <ClCompile Include="pch.cpp">
      <Filter>소스 파일</Filter>
    </ClCompile>
    <ClCompile Include="ConsoleServer.cpp">
      <Filter>소스 파일</Filter>
    </ClCompile>
    <ClCompile Include="cNetwork.cpp">
      <Filter>클래스 파일\Network</Filter>
    </ClCompile>
    <ClCompile Include="cPacket.cpp">
      <Filter>클래스 파일\Packet</Filter>
    </ClCompile>
  </ItemGroup>
</Project>